
Microsoft Visual Studio Solution File, Format Version 12.00
# Visual Studio 15
VisualStudioVersion = 15.0.27428.2037
MinimumVisualStudioVersion = 10.0.40219.1
Project("{888888A0-9F3D-457C-B088-3A5042F75D52}") = "translator", "translator.pyproj", "{0121E4DD-5463-4C1A-BDD9-484B5C9EC638}"
EndProject
Global
	GlobalSection(SolutionConfigurationPlatforms) = preSolution
		Debug|Any CPU = Debug|Any CPU
		Release|Any CPU = Release|Any CPU
	EndGlobalSection
	GlobalSection(ProjectConfigurationPlatforms) = postSolution
		{0121E4DD-5463-4C1A-BDD9-484B5C9EC638}.Debug|Any CPU.ActiveCfg = Debug|Any CPU
		{0121E4DD-5463-4C1A-BDD9-484B5C9EC638}.Release|Any CPU.ActiveCfg = Release|Any CPU
	EndGlobalSection
	GlobalSection(SolutionProperties) = preSolution
		HideSolutionNode = FALSE
	EndGlobalSection
	GlobalSection(ExtensibilityGlobals) = postSolution
		SolutionGuid = {A2D36F67-E286-4979-9B83-6D88DB5CB0EB}
	EndGlobalSection
EndGlobal
